
Microsoft Visual Studio Solution File, Format Version 12.00
# Visual Studio Version 17
VisualStudioVersion = 17.4.33213.308
MinimumVisualStudioVersion = 10.0.40219.1
Project("{FAE04EC0-301F-11D3-BF4B-00C04F79EFBC}") = "Web411030787", "Web411030787\Web411030787.csproj", "{B956F688-8E4B-4959-A3FD-4D46E7D47FF6}"
EndProject
Global
	GlobalSection(SolutionConfigurationPlatforms) = preSolution
		Debug|Any CPU = Debug|Any CPU
		Release|Any CPU = Release|Any CPU
	EndGlobalSection
	GlobalSection(ProjectConfigurationPlatforms) = postSolution
		{B956F688-8E4B-4959-A3FD-4D46E7D47FF6}.Debug|Any CPU.ActiveCfg = Debug|Any CPU
		{B956F688-8E4B-4959-A3FD-4D46E7D47FF6}.Debug|Any CPU.Build.0 = Debug|Any CPU
		{B956F688-8E4B-4959-A3FD-4D46E7D47FF6}.Release|Any CPU.ActiveCfg = Release|Any CPU
		{B956F688-8E4B-4959-A3FD-4D46E7D47FF6}.Release|Any CPU.Build.0 = Release|Any CPU
	EndGlobalSection
	GlobalSection(SolutionProperties) = preSolution
		HideSolutionNode = FALSE
	EndGlobalSection
	GlobalSection(ExtensibilityGlobals) = postSolution
		SolutionGuid = {FF5815B5-5723-4CC9-A334-A52A7C639755}
	EndGlobalSection
EndGlobal
